
Microsoft Visual Studio Solution File, Format Version 12.00
# Visual Studio Version 17
VisualStudioVersion = 17.14.36518.9
MinimumVisualStudioVersion = 10.0.40219.1
Project("{FAE04EC0-301F-11D3-BF4B-00C04F79EFBC}") = "IsimSaglik.API", "IsimSaglik.API\IsimSaglik.API.csproj", "{F6FB2A55-FEFF-4D2D-A19A-A08516BE0F90}"
EndProject
Project("{FAE04EC0-301F-11D3-BF4B-00C04F79EFBC}") = "IsimSaglik.Entity", "IsimSaglik.Entity\IsimSaglik.Entity.csproj", "{871C4EF8-939A-48B9-B8A6-C9774F1B9CC7}"
EndProject
Project("{FAE04EC0-301F-11D3-BF4B-00C04F79EFBC}") = "IsimSaglik.Infrastructure", "IsimSaglik.Infrastructure\IsimSaglik.Infrastructure.csproj", "{95DA8C5E-6C9B-4123-AE46-229182597A4D}"
EndProject
Project("{FAE04EC0-301F-11D3-BF4B-00C04F79EFBC}") = "IsimSaglik.Repository", "IsimSaglik.Repository\IsimSaglik.Repository.csproj", "{A57C0852-3B45-4F0F-9FE9-05E98AA8545B}"
	ProjectSection(ProjectDependencies) = postProject
		{871C4EF8-939A-48B9-B8A6-C9774F1B9CC7} = {871C4EF8-939A-48B9-B8A6-C9774F1B9CC7}
	EndProjectSection
EndProject
Project("{FAE04EC0-301F-11D3-BF4B-00C04F79EFBC}") = "IsimSaglik.Service", "IsimSaglik.Service\IsimSaglik.Service.csproj", "{F59850AA-9C13-410B-AC0A-249AC2BE3B89}"
EndProject
Global
	GlobalSection(SolutionConfigurationPlatforms) = preSolution
		Debug|Any CPU = Debug|Any CPU
		Release|Any CPU = Release|Any CPU
	EndGlobalSection
	GlobalSection(ProjectConfigurationPlatforms) = postSolution
		{F6FB2A55-FEFF-4D2D-A19A-A08516BE0F90}.Debug|Any CPU.ActiveCfg = Debug|Any CPU
		{F6FB2A55-FEFF-4D2D-A19A-A08516BE0F90}.Debug|Any CPU.Build.0 = Debug|Any CPU
		{F6FB2A55-FEFF-4D2D-A19A-A08516BE0F90}.Release|Any CPU.ActiveCfg = Release|Any CPU
		{F6FB2A55-FEFF-4D2D-A19A-A08516BE0F90}.Release|Any CPU.Build.0 = Release|Any CPU
		{871C4EF8-939A-48B9-B8A6-C9774F1B9CC7}.Debug|Any CPU.ActiveCfg = Debug|Any CPU
		{871C4EF8-939A-48B9-B8A6-C9774F1B9CC7}.Debug|Any CPU.Build.0 = Debug|Any CPU
		{871C4EF8-939A-48B9-B8A6-C9774F1B9CC7}.Release|Any CPU.ActiveCfg = Release|Any CPU
		{871C4EF8-939A-48B9-B8A6-C9774F1B9CC7}.Release|Any CPU.Build.0 = Release|Any CPU
		{95DA8C5E-6C9B-4123-AE46-229182597A4D}.Debug|Any CPU.ActiveCfg = Debug|Any CPU
		{95DA8C5E-6C9B-4123-AE46-229182597A4D}.Debug|Any CPU.Build.0 = Debug|Any CPU
		{95DA8C5E-6C9B-4123-AE46-229182597A4D}.Release|Any CPU.ActiveCfg = Release|Any CPU
		{95DA8C5E-6C9B-4123-AE46-229182597A4D}.Release|Any CPU.Build.0 = Release|Any CPU
		{A57C0852-3B45-4F0F-9FE9-05E98AA8545B}.Debug|Any CPU.ActiveCfg = Debug|Any CPU
		{A57C0852-3B45-4F0F-9FE9-05E98AA8545B}.Debug|Any CPU.Build.0 = Debug|Any CPU
		{A57C0852-3B45-4F0F-9FE9-05E98AA8545B}.Release|Any CPU.ActiveCfg = Release|Any CPU
		{A57C0852-3B45-4F0F-9FE9-05E98AA8545B}.Release|Any CPU.Build.0 = Release|Any CPU
		{F59850AA-9C13-410B-AC0A-249AC2BE3B89}.Debug|Any CPU.ActiveCfg = Debug|Any CPU
		{F59850AA-9C13-410B-AC0A-249AC2BE3B89}.Debug|Any CPU.Build.0 = Debug|Any CPU
		{F59850AA-9C13-410B-AC0A-249AC2BE3B89}.Release|Any CPU.ActiveCfg = Release|Any CPU
		{F59850AA-9C13-410B-AC0A-249AC2BE3B89}.Release|Any CPU.Build.0 = Release|Any CPU
	EndGlobalSection
	GlobalSection(SolutionProperties) = preSolution
		HideSolutionNode = FALSE
	EndGlobalSection
	GlobalSection(ExtensibilityGlobals) = postSolution
		SolutionGuid = {2882B785-0D89-4326-9B85-A21326F61CB9}
	EndGlobalSection
EndGlobal
